
Microsoft Visual Studio Solution File, Format Version 12.00
# Visual Studio Version 17
VisualStudioVersion = 17.4.33110.190
MinimumVisualStudioVersion = 10.0.40219.1
Project("{9A19103F-16F7-4668-BE54-9A1E7A4F7556}") = "Nanotek.Helpers", "Nanotek.Helpers\Nanotek.Helpers.csproj", "{0EF576DA-3240-4FF6-8073-CDB416FA04C1}"
EndProject
Project("{FAE04EC0-301F-11D3-BF4B-00C04F79EFBC}") = "Nanotek.Helpers.Tests", "Nanotek.Helpers.Tests\Nanotek.Helpers.Tests.csproj", "{58AECDF0-62B7-4BCF-B901-C565DD14DF04}"
EndProject
Global
	GlobalSection(SolutionConfigurationPlatforms) = preSolution
		Debug|Any CPU = Debug|Any CPU
		Release|Any CPU = Release|Any CPU
	EndGlobalSection
	GlobalSection(ProjectConfigurationPlatforms) = postSolution
		{0EF576DA-3240-4FF6-8073-CDB416FA04C1}.Debug|Any CPU.ActiveCfg = Debug|Any CPU
		{0EF576DA-3240-4FF6-8073-CDB416FA04C1}.Debug|Any CPU.Build.0 = Debug|Any CPU
		{0EF576DA-3240-4FF6-8073-CDB416FA04C1}.Release|Any CPU.ActiveCfg = Release|Any CPU
		{0EF576DA-3240-4FF6-8073-CDB416FA04C1}.Release|Any CPU.Build.0 = Release|Any CPU
		{58AECDF0-62B7-4BCF-B901-C565DD14DF04}.Debug|Any CPU.ActiveCfg = Debug|Any CPU
		{58AECDF0-62B7-4BCF-B901-C565DD14DF04}.Debug|Any CPU.Build.0 = Debug|Any CPU
		{58AECDF0-62B7-4BCF-B901-C565DD14DF04}.Release|Any CPU.ActiveCfg = Release|Any CPU
		{58AECDF0-62B7-4BCF-B901-C565DD14DF04}.Release|Any CPU.Build.0 = Release|Any CPU
	EndGlobalSection
	GlobalSection(SolutionProperties) = preSolution
		HideSolutionNode = FALSE
	EndGlobalSection
	GlobalSection(ExtensibilityGlobals) = postSolution
		SolutionGuid = {C54339E9-C5FD-43CF-9839-F0D9B1946B96}
	EndGlobalSection
EndGlobal
